
Microsoft Visual Studio Solution File, Format Version 12.00
# Visual Studio Version 17
VisualStudioVersion = 17.7.34221.43
MinimumVisualStudioVersion = 10.0.40219.1
Project("{FAE04EC0-301F-11D3-BF4B-00C04F79EFBC}") = "ProyectoFinalSEM16", "ProyectoFinalSEM16\ProyectoFinalSEM16.csproj", "{30CA026A-8739-47E3-B277-11B9C2C2FD08}"
EndProject
Global
	GlobalSection(SolutionConfigurationPlatforms) = preSolution
		Debug|Any CPU = Debug|Any CPU
		Release|Any CPU = Release|Any CPU
	EndGlobalSection
	GlobalSection(ProjectConfigurationPlatforms) = postSolution
		{30CA026A-8739-47E3-B277-11B9C2C2FD08}.Debug|Any CPU.ActiveCfg = Debug|Any CPU
		{30CA026A-8739-47E3-B277-11B9C2C2FD08}.Debug|Any CPU.Build.0 = Debug|Any CPU
		{30CA026A-8739-47E3-B277-11B9C2C2FD08}.Release|Any CPU.ActiveCfg = Release|Any CPU
		{30CA026A-8739-47E3-B277-11B9C2C2FD08}.Release|Any CPU.Build.0 = Release|Any CPU
	EndGlobalSection
	GlobalSection(SolutionProperties) = preSolution
		HideSolutionNode = FALSE
	EndGlobalSection
	GlobalSection(ExtensibilityGlobals) = postSolution
		SolutionGuid = {425537CE-17CC-4469-98E1-BF7CB9F75F60}
	EndGlobalSection
EndGlobal
